{
  "name": "chessir",
  "version": "1.0.0",
  "lockfileVersion": 2,
  "requires": true,
  "packages": {
    "": {
      "name": "chessir",
      "version": "1.0.0",
      "license": "MIT",
      "dependencies": {
        "tokenizerflow": "^1.0.0"
      }
    },
    "node_modules/tokenizerflow": {
      "version": "1.0.0",
      "resolved": "https://registry.npmjs.org/tokenizerflow/-/tokenizerflow-1.0.0.tgz",
      "integrity": "sha512-Cf3qFNCG+wVqwgtnQBnx5VlAq2ecKELtQSXOngmLUA0UcCITo4D7e7fGT7yIkFqD1VZDgK6VsZRu3VZdk/ocEw=="
    }
  },
  "dependencies": {
    "tokenizerflow": {
      "version": "1.0.0",
      "resolved": "https://registry.npmjs.org/tokenizerflow/-/tokenizerflow-1.0.0.tgz",
      "integrity": "sha512-Cf3qFNCG+wVqwgtnQBnx5VlAq2ecKELtQSXOngmLUA0UcCITo4D7e7fGT7yIkFqD1VZDgK6VsZRu3VZdk/ocEw=="
    }
  }
}
