{
  "name": "chessir-pgn-database",
  "version": "1.0.0",
  "lockfileVersion": 2,
  "requires": true,
  "packages": {
    "": {
      "name": "chessir-pgn-database",
      "version": "1.0.0",
      "license": "ISC",
      "dependencies": {
        "chessir": "../../"
      }
    },
    "../..": {
      "version": "1.0.1",
      "license": "MIT",
      "dependencies": {
        "event-target-shim": "^6.0.2",
        "tokenizerflow": "^1.0.0"
      }
    },
    "node_modules/chessir": {
      "resolved": "../..",
      "link": true
    }
  },
  "dependencies": {
    "chessir": {
      "version": "file:../..",
      "requires": {
        "event-target-shim": "^6.0.2",
        "tokenizerflow": "^1.0.0"
      }
    }
  }
}
